
Microsoft Visual Studio Solution File, Format Version 11.00
# Visual Studio 2010
Project("{8BC9CEB8-8B4A-11D0-8D11-00A0C91BC942}") = "TGameLib", "TGameLib.vcxproj", "{49875996-EA32-466C-951E-2C217642B0D0}"
EndProject
Project("{8BC9CEB8-8B4A-11D0-8D11-00A0C91BC942}") = "HelloWorld", "..\..\..\..\Sample\HelloWorld\Project\HelloWorld.vcxproj", "{5629FEAD-2B5C-423B-B76A-7824B14FAAD3}"
	ProjectSection(ProjectDependencies) = postProject
		{49875996-EA32-466C-951E-2C217642B0D0} = {49875996-EA32-466C-951E-2C217642B0D0}
	EndProjectSection
EndProject
Project("{8BC9CEB8-8B4A-11D0-8D11-00A0C91BC942}") = "freetype", "..\..\..\..\common\OpenLib\freetype-2.4.11\builds\win32\vc2010\freetype.vcxproj", "{78B079BD-9FC7-4B9E-B4A6-96DA0F00248B}"
EndProject
Global
	GlobalSection(SolutionConfigurationPlatforms) = preSolution
		Debug Multithreaded|Android = Debug Multithreaded|Android
		Debug Multithreaded|Win32 = Debug Multithreaded|Win32
		Debug Singlethreaded|Android = Debug Singlethreaded|Android
		Debug Singlethreaded|Win32 = Debug Singlethreaded|Win32
		Debug|Android = Debug|Android
		Debug|Win32 = Debug|Win32
		Release Multithreaded|Android = Release Multithreaded|Android
		Release Multithreaded|Win32 = Release Multithreaded|Win32
		Release Singlethreaded|Android = Release Singlethreaded|Android
		Release Singlethreaded|Win32 = Release Singlethreaded|Win32
		Release|Android = Release|Android
		Release|Win32 = Release|Win32
	EndGlobalSection
	GlobalSection(ProjectConfigurationPlatforms) = postSolution
		{49875996-EA32-466C-951E-2C217642B0D0}.Debug Multithreaded|Android.ActiveCfg = Debug|Win32
		{49875996-EA32-466C-951E-2C217642B0D0}.Debug Multithreaded|Win32.ActiveCfg = Debug|Win32
		{49875996-EA32-466C-951E-2C217642B0D0}.Debug Multithreaded|Win32.Build.0 = Debug|Win32
		{49875996-EA32-466C-951E-2C217642B0D0}.Debug Singlethreaded|Android.ActiveCfg = Debug|Win32
		{49875996-EA32-466C-951E-2C217642B0D0}.Debug Singlethreaded|Win32.ActiveCfg = Debug|Win32
		{49875996-EA32-466C-951E-2C217642B0D0}.Debug Singlethreaded|Win32.Build.0 = Debug|Win32
		{49875996-EA32-466C-951E-2C217642B0D0}.Debug|Android.ActiveCfg = Debug|Android
		{49875996-EA32-466C-951E-2C217642B0D0}.Debug|Android.Build.0 = Debug|Android
		{49875996-EA32-466C-951E-2C217642B0D0}.Debug|Android.Deploy.0 = Debug|Android
		{49875996-EA32-466C-951E-2C217642B0D0}.Debug|Win32.ActiveCfg = Debug|Win32
		{49875996-EA32-466C-951E-2C217642B0D0}.Debug|Win32.Build.0 = Debug|Win32
		{49875996-EA32-466C-951E-2C217642B0D0}.Release Multithreaded|Android.ActiveCfg = Release|Win32
		{49875996-EA32-466C-951E-2C217642B0D0}.Release Multithreaded|Win32.ActiveCfg = Release|Win32
		{49875996-EA32-466C-951E-2C217642B0D0}.Release Multithreaded|Win32.Build.0 = Release|Win32
		{49875996-EA32-466C-951E-2C217642B0D0}.Release Singlethreaded|Android.ActiveCfg = Release|Win32
		{49875996-EA32-466C-951E-2C217642B0D0}.Release Singlethreaded|Win32.ActiveCfg = Release|Win32
		{49875996-EA32-466C-951E-2C217642B0D0}.Release Singlethreaded|Win32.Build.0 = Release|Win32
		{49875996-EA32-466C-951E-2C217642B0D0}.Release|Android.ActiveCfg = Release|Android
		{49875996-EA32-466C-951E-2C217642B0D0}.Release|Android.Build.0 = Release|Android
		{49875996-EA32-466C-951E-2C217642B0D0}.Release|Android.Deploy.0 = Release|Android
		{49875996-EA32-466C-951E-2C217642B0D0}.Release|Win32.ActiveCfg = Release|Win32
		{49875996-EA32-466C-951E-2C217642B0D0}.Release|Win32.Build.0 = Release|Win32
		{5629FEAD-2B5C-423B-B76A-7824B14FAAD3}.Debug Multithreaded|Android.ActiveCfg = Debug|Win32
		{5629FEAD-2B5C-423B-B76A-7824B14FAAD3}.Debug Multithreaded|Win32.ActiveCfg = Debug|Win32
		{5629FEAD-2B5C-423B-B76A-7824B14FAAD3}.Debug Multithreaded|Win32.Build.0 = Debug|Win32
		{5629FEAD-2B5C-423B-B76A-7824B14FAAD3}.Debug Singlethreaded|Android.ActiveCfg = Debug|Win32
		{5629FEAD-2B5C-423B-B76A-7824B14FAAD3}.Debug Singlethreaded|Win32.ActiveCfg = Debug|Win32
		{5629FEAD-2B5C-423B-B76A-7824B14FAAD3}.Debug Singlethreaded|Win32.Build.0 = Debug|Win32
		{5629FEAD-2B5C-423B-B76A-7824B14FAAD3}.Debug|Android.ActiveCfg = Debug|Android
		{5629FEAD-2B5C-423B-B76A-7824B14FAAD3}.Debug|Android.Build.0 = Debug|Android
		{5629FEAD-2B5C-423B-B76A-7824B14FAAD3}.Debug|Android.Deploy.0 = Debug|Android
		{5629FEAD-2B5C-423B-B76A-7824B14FAAD3}.Debug|Win32.ActiveCfg = Debug|Win32
		{5629FEAD-2B5C-423B-B76A-7824B14FAAD3}.Debug|Win32.Build.0 = Debug|Win32
		{5629FEAD-2B5C-423B-B76A-7824B14FAAD3}.Release Multithreaded|Android.ActiveCfg = Release|Win32
		{5629FEAD-2B5C-423B-B76A-7824B14FAAD3}.Release Multithreaded|Win32.ActiveCfg = Release|Win32
		{5629FEAD-2B5C-423B-B76A-7824B14FAAD3}.Release Multithreaded|Win32.Build.0 = Release|Win32
		{5629FEAD-2B5C-423B-B76A-7824B14FAAD3}.Release Singlethreaded|Android.ActiveCfg = Release|Win32
		{5629FEAD-2B5C-423B-B76A-7824B14FAAD3}.Release Singlethreaded|Win32.ActiveCfg = Release|Win32
		{5629FEAD-2B5C-423B-B76A-7824B14FAAD3}.Release Singlethreaded|Win32.Build.0 = Release|Win32
		{5629FEAD-2B5C-423B-B76A-7824B14FAAD3}.Release|Android.ActiveCfg = Release|Android
		{5629FEAD-2B5C-423B-B76A-7824B14FAAD3}.Release|Android.Build.0 = Release|Android
		{5629FEAD-2B5C-423B-B76A-7824B14FAAD3}.Release|Android.Deploy.0 = Release|Android
		{5629FEAD-2B5C-423B-B76A-7824B14FAAD3}.Release|Win32.ActiveCfg = Release|Win32
		{5629FEAD-2B5C-423B-B76A-7824B14FAAD3}.Release|Win32.Build.0 = Release|Win32
		{78B079BD-9FC7-4B9E-B4A6-96DA0F00248B}.Debug Multithreaded|Android.ActiveCfg = Debug Multithreaded|Win32
		{78B079BD-9FC7-4B9E-B4A6-96DA0F00248B}.Debug Multithreaded|Win32.ActiveCfg = Debug Multithreaded|Win32
		{78B079BD-9FC7-4B9E-B4A6-96DA0F00248B}.Debug Multithreaded|Win32.Build.0 = Debug Multithreaded|Win32
		{78B079BD-9FC7-4B9E-B4A6-96DA0F00248B}.Debug Singlethreaded|Android.ActiveCfg = Debug Singlethreaded|Win32
		{78B079BD-9FC7-4B9E-B4A6-96DA0F00248B}.Debug Singlethreaded|Win32.ActiveCfg = Debug Singlethreaded|Win32
		{78B079BD-9FC7-4B9E-B4A6-96DA0F00248B}.Debug Singlethreaded|Win32.Build.0 = Debug Singlethreaded|Win32
		{78B079BD-9FC7-4B9E-B4A6-96DA0F00248B}.Debug|Android.ActiveCfg = Debug|Android
		{78B079BD-9FC7-4B9E-B4A6-96DA0F00248B}.Debug|Win32.ActiveCfg = Debug|Win32
		{78B079BD-9FC7-4B9E-B4A6-96DA0F00248B}.Debug|Win32.Build.0 = Debug|Win32
		{78B079BD-9FC7-4B9E-B4A6-96DA0F00248B}.Release Multithreaded|Android.ActiveCfg = Release Multithreaded|Win32
		{78B079BD-9FC7-4B9E-B4A6-96DA0F00248B}.Release Multithreaded|Win32.ActiveCfg = Release Multithreaded|Win32
		{78B079BD-9FC7-4B9E-B4A6-96DA0F00248B}.Release Multithreaded|Win32.Build.0 = Release Multithreaded|Win32
		{78B079BD-9FC7-4B9E-B4A6-96DA0F00248B}.Release Singlethreaded|Android.ActiveCfg = Release Singlethreaded|Win32
		{78B079BD-9FC7-4B9E-B4A6-96DA0F00248B}.Release Singlethreaded|Win32.ActiveCfg = Release Singlethreaded|Win32
		{78B079BD-9FC7-4B9E-B4A6-96DA0F00248B}.Release Singlethreaded|Win32.Build.0 = Release Singlethreaded|Win32
		{78B079BD-9FC7-4B9E-B4A6-96DA0F00248B}.Release|Android.ActiveCfg = Release|Win32
		{78B079BD-9FC7-4B9E-B4A6-96DA0F00248B}.Release|Win32.ActiveCfg = Release|Win32
		{78B079BD-9FC7-4B9E-B4A6-96DA0F00248B}.Release|Win32.Build.0 = Release|Win32
	EndGlobalSection
	GlobalSection(SolutionProperties) = preSolution
		HideSolutionNode = FALSE
	EndGlobalSection
EndGlobal
