
Microsoft Visual Studio Solution File, Format Version 11.00
# Visual Studio 2010
Project("{8BC9CEB8-8B4A-11D0-8D11-00A0C91BC942}") = "TGameLib", "TGameLib.vcxproj", "{49875996-EA32-466C-951E-2C217642B0D0}"
EndProject
Project("{8BC9CEB8-8B4A-11D0-8D11-00A0C91BC942}") = "HelloWorld", "..\..\..\..\Sample\HelloWorld\Project\HelloWorld.vcxproj", "{5629FEAD-2B5C-423B-B76A-7824B14FAAD3}"
	ProjectSection(ProjectDependencies) = postProject
		{49875996-EA32-466C-951E-2C217642B0D0} = {49875996-EA32-466C-951E-2C217642B0D0}
	EndProjectSection
EndProject
Global
	GlobalSection(SolutionConfigurationPlatforms) = preSolution
		Debug|Android = Debug|Android
		Debug|Win32 = Debug|Win32
		Release|Android = Release|Android
		Release|Win32 = Release|Win32
	EndGlobalSection
	GlobalSection(ProjectConfigurationPlatforms) = postSolution
		{49875996-EA32-466C-951E-2C217642B0D0}.Debug|Android.ActiveCfg = Debug|Android
		{49875996-EA32-466C-951E-2C217642B0D0}.Debug|Android.Build.0 = Debug|Android
		{49875996-EA32-466C-951E-2C217642B0D0}.Debug|Android.Deploy.0 = Debug|Android
		{49875996-EA32-466C-951E-2C217642B0D0}.Debug|Win32.ActiveCfg = Debug|Win32
		{49875996-EA32-466C-951E-2C217642B0D0}.Debug|Win32.Build.0 = Debug|Win32
		{49875996-EA32-466C-951E-2C217642B0D0}.Release|Android.ActiveCfg = Release|Android
		{49875996-EA32-466C-951E-2C217642B0D0}.Release|Android.Build.0 = Release|Android
		{49875996-EA32-466C-951E-2C217642B0D0}.Release|Android.Deploy.0 = Release|Android
		{49875996-EA32-466C-951E-2C217642B0D0}.Release|Win32.ActiveCfg = Release|Win32
		{49875996-EA32-466C-951E-2C217642B0D0}.Release|Win32.Build.0 = Release|Win32
		{5629FEAD-2B5C-423B-B76A-7824B14FAAD3}.Debug|Android.ActiveCfg = Debug|Android
		{5629FEAD-2B5C-423B-B76A-7824B14FAAD3}.Debug|Android.Build.0 = Debug|Android
		{5629FEAD-2B5C-423B-B76A-7824B14FAAD3}.Debug|Android.Deploy.0 = Debug|Android
		{5629FEAD-2B5C-423B-B76A-7824B14FAAD3}.Debug|Win32.ActiveCfg = Debug|Win32
		{5629FEAD-2B5C-423B-B76A-7824B14FAAD3}.Debug|Win32.Build.0 = Debug|Win32
		{5629FEAD-2B5C-423B-B76A-7824B14FAAD3}.Release|Android.ActiveCfg = Release|Android
		{5629FEAD-2B5C-423B-B76A-7824B14FAAD3}.Release|Android.Build.0 = Release|Android
		{5629FEAD-2B5C-423B-B76A-7824B14FAAD3}.Release|Android.Deploy.0 = Release|Android
		{5629FEAD-2B5C-423B-B76A-7824B14FAAD3}.Release|Win32.ActiveCfg = Release|Win32
		{5629FEAD-2B5C-423B-B76A-7824B14FAAD3}.Release|Win32.Build.0 = Release|Win32
	EndGlobalSection
	GlobalSection(SolutionProperties) = preSolution
		HideSolutionNode = FALSE
	EndGlobalSection
EndGlobal
