<?xml version="1.0" encoding="utf-8"?>
<Project ToolsVersion="4.0" xmlns="http://schemas.microsoft.com/developer/msbuild/2003">
  <ItemGroup>
    <None Include="AndroidApk\build.xml">
      <Filter>Apk</Filter>
    </None>
    <None Include="AndroidApk\AndroidManifest.xml">
      <Filter>Apk</Filter>
    </None>
    <None Include="AndroidApk\project.properties">
      <Filter>Apk</Filter>
    </None>
    <None Include="AndroidApk\src\com\twinkle\gwar\GWarActivity.java">
      <Filter>Apk\Java</Filter>
    </None>
    <None Include="AndroidApk\src\com\twinkle\gwar\TGameAndroid.java">
      <Filter>Apk\Java</Filter>
    </None>
    <None Include="AndroidApk\src\com\twinkle\gwar\TGameGLSrufaceView.java">
      <Filter>Apk\Java</Filter>
    </None>
  </ItemGroup>
  <ItemGroup>
    <Filter Include="Apk">
      <UniqueIdentifier>{6b820e82-6575-406d-b035-9b94a44259eb}</UniqueIdentifier>
    </Filter>
    <Filter Include="Cpp">
      <UniqueIdentifier>{a16477be-50de-43ff-88e3-295533a08510}</UniqueIdentifier>
    </Filter>
    <Filter Include="Cpp\Scene">
      <UniqueIdentifier>{94124e08-5b1b-444d-b780-44a4167b8342}</UniqueIdentifier>
    </Filter>
    <Filter Include="Apk\Java">
      <UniqueIdentifier>{e39c09a6-237a-44c5-846a-3ed21f6f849f}</UniqueIdentifier>
    </Filter>
  </ItemGroup>
  <ItemGroup>
    <ClInclude Include="..\Src\GWarDef.h">
      <Filter>Cpp</Filter>
    </ClInclude>
    <ClInclude Include="..\Src\GWarGigaint.h">
      <Filter>Cpp</Filter>
    </ClInclude>
    <ClInclude Include="..\Src\GWarMain.h">
      <Filter>Cpp</Filter>
    </ClInclude>
    <ClInclude Include="..\Src\GWarUserData.h">
      <Filter>Cpp</Filter>
    </ClInclude>
    <ClInclude Include="..\Src\Scene\GWarScene_MainMenu.h">
      <Filter>Cpp\Scene</Filter>
    </ClInclude>
    <ClInclude Include="..\Src\Scene\GWarScene_Battle.h">
      <Filter>Cpp\Scene</Filter>
    </ClInclude>
  </ItemGroup>
  <ItemGroup>
    <ClCompile Include="..\Src\GWarGigant.cpp">
      <Filter>Cpp</Filter>
    </ClCompile>
    <ClCompile Include="..\Src\GWarMain.cpp">
      <Filter>Cpp</Filter>
    </ClCompile>
    <ClCompile Include="..\Src\Scene\GWarScene_Battle.cpp">
      <Filter>Cpp\Scene</Filter>
    </ClCompile>
    <ClCompile Include="..\Src\Scene\GWarScene_MainMenu.cpp">
      <Filter>Cpp\Scene</Filter>
    </ClCompile>
  </ItemGroup>
</Project>